
Microsoft Visual Studio Solution File, Format Version 12.00
# Visual Studio Version 17
VisualStudioVersion = 17.4.33213.308
MinimumVisualStudioVersion = 10.0.40219.1
Project("{FAE04EC0-301F-11D3-BF4B-00C04F79EFBC}") = "my-books", "my-books\my-books.csproj", "{5E340C59-DE9B-43B5-B73B-55D6B1AE35C1}"
EndProject
Global
	GlobalSection(SolutionConfigurationPlatforms) = preSolution
		Debug|Any CPU = Debug|Any CPU
		Release|Any CPU = Release|Any CPU
	EndGlobalSection
	GlobalSection(ProjectConfigurationPlatforms) = postSolution
		{5E340C59-DE9B-43B5-B73B-55D6B1AE35C1}.Debug|Any CPU.ActiveCfg = Debug|Any CPU
		{5E340C59-DE9B-43B5-B73B-55D6B1AE35C1}.Debug|Any CPU.Build.0 = Debug|Any CPU
		{5E340C59-DE9B-43B5-B73B-55D6B1AE35C1}.Release|Any CPU.ActiveCfg = Release|Any CPU
		{5E340C59-DE9B-43B5-B73B-55D6B1AE35C1}.Release|Any CPU.Build.0 = Release|Any CPU
	EndGlobalSection
	GlobalSection(SolutionProperties) = preSolution
		HideSolutionNode = FALSE
	EndGlobalSection
	GlobalSection(ExtensibilityGlobals) = postSolution
		SolutionGuid = {E3415029-F720-43C3-AC7D-08F51F14AB1C}
	EndGlobalSection
EndGlobal
